
Microsoft Visual Studio Solution File, Format Version 12.00
# Visual Studio Version 17
VisualStudioVersion = 17.13.35825.156 d17.13
MinimumVisualStudioVersion = 10.0.40219.1
Project("{FAE04EC0-301F-11D3-BF4B-00C04F79EFBC}") = "PROG6221_POE_PART1_ST10453370", "PROG6221_POE_PART1_ST10453370.csproj", "{1BA8DA61-D63D-450E-827D-F827A72F35E5}"
EndProject
Global
	GlobalSection(SolutionConfigurationPlatforms) = preSolution
		Debug|Any CPU = Debug|Any CPU
		Release|Any CPU = Release|Any CPU
	EndGlobalSection
	GlobalSection(ProjectConfigurationPlatforms) = postSolution
		{1BA8DA61-D63D-450E-827D-F827A72F35E5}.Debug|Any CPU.ActiveCfg = Debug|Any CPU
		{1BA8DA61-D63D-450E-827D-F827A72F35E5}.Debug|Any CPU.Build.0 = Debug|Any CPU
		{1BA8DA61-D63D-450E-827D-F827A72F35E5}.Release|Any CPU.ActiveCfg = Release|Any CPU
		{1BA8DA61-D63D-450E-827D-F827A72F35E5}.Release|Any CPU.Build.0 = Release|Any CPU
	EndGlobalSection
	GlobalSection(SolutionProperties) = preSolution
		HideSolutionNode = FALSE
	EndGlobalSection
	GlobalSection(ExtensibilityGlobals) = postSolution
		SolutionGuid = {7428375D-F5F0-477A-8E13-91884620B91F}
	EndGlobalSection
EndGlobal
